{
  "version": 4,
  "terraform_version": "1.4.6",
  "serial": 22,
  "lineage": "a395be4a-6cbf-5524-7eb1-5a7a62dbff53",
  "outputs": {
    "public-security-list-OCID": {
      "value": "ocid1.securitylist.oc1.sa-vinhedo-1.aaaaaaaaaqkdcs52yojamdrwrpfp4kb4ygpel4yzj4jll2jy2vhbhaplygya",
      "type": "string"
    },
    "public-security-list-name": {
      "value": "security-list-for-public-subnet",
      "type": "string"
    }
  },
  "resources": [
    {
      "mode": "managed",
      "type": "oci_core_instance",
      "name": "shopizer_instance",
      "provider": "provider[\"registry.terraform.io/hashicorp/oci\"]",
      "instances": [
        {
          "schema_version": 0,
          "attributes": {
            "agent_config": [
              {
                "are_all_plugins_disabled": false,
                "is_management_disabled": false,
                "is_monitoring_disabled": false,
                "plugins_config": []
              }
            ],
            "async": null,
            "availability_config": [
              {
                "is_live_migration_preferred": false,
                "recovery_action": "RESTORE_INSTANCE"
              }
            ],
            "availability_domain": "WRCw:SA-VINHEDO-1-AD-1",
            "boot_volume_id": "ocid1.bootvolume.oc1.sa-vinhedo-1.ab3ggljrfmzerkgoxcjh6uu5hnvcojugzcatlzl5unzsmx5uu22n3vegpcya",
            "capacity_reservation_id": null,
            "compartment_id": "ocid1.compartment.oc1..aaaaaaaaeji7lmv6yrejwphcmajsuq5vabnrwpf474nctns5wu3pgsgyxukq",
            "compute_cluster_id": null,
            "create_vnic_details": [
              {
                "assign_private_dns_record": false,
                "assign_public_ip": "true",
                "defined_tags": {
                  "Oracle-Tags.CreatedBy": "default/mv.victor1@hotmail.com",
                  "Oracle-Tags.CreatedOn": "2023-05-30T21:08:19.741Z"
                },
                "display_name": "shopizer-devops",
                "freeform_tags": {},
                "hostname_label": "",
                "nsg_ids": [],
                "private_ip": "10.5.1.200",
                "skip_source_dest_check": false,
                "subnet_id": "ocid1.subnet.oc1.sa-vinhedo-1.aaaaaaaauk4e3u4ji45bv6n76xity2tgvyx5plhvqqjntaizxfquhcvl5r2q",
                "vlan_id": ""
              }
            ],
            "dedicated_vm_host_id": null,
            "defined_tags": {
              "Oracle-Tags.CreatedBy": "default/mv.victor1@hotmail.com",
              "Oracle-Tags.CreatedOn": "2023-05-30T21:08:19.614Z"
            },
            "display_name": "shopizer-devops",
            "extended_metadata": {},
            "fault_domain": "FAULT-DOMAIN-1",
            "freeform_tags": {},
            "hostname_label": "",
            "id": "ocid1.instance.oc1.sa-vinhedo-1.an3ggljrtoavucyc2ajnaqzp5q5zta4upu3ryhtw3tkzw4oii5bbbsxudfgq",
            "image": "ocid1.image.oc1.sa-vinhedo-1.aaaaaaaab7as7ele2z6vt6ghoi5asnopnchqvjwjklxkz5bypu2uepyduyxa",
            "instance_options": [
              {
                "are_legacy_imds_endpoints_disabled": false
              }
            ],
            "ipxe_script": null,
            "is_cross_numa_node": false,
            "is_pv_encryption_in_transit_enabled": null,
            "launch_mode": "PARAVIRTUALIZED",
            "launch_options": [
              {
                "boot_volume_type": "PARAVIRTUALIZED",
                "firmware": "UEFI_64",
                "is_consistent_volume_naming_enabled": true,
                "is_pv_encryption_in_transit_enabled": false,
                "network_type": "PARAVIRTUALIZED",
                "remote_data_volume_type": "PARAVIRTUALIZED"
              }
            ],
            "metadata": {
              "ssh_authorized_keys": "ssh-rsa AAAAB3NzaC1yc2EAAAADAQABAAABAQDc1qo+kTkmuX79OIdc4DFYmROQpW+nUsvhxASRx85t9tF/65qVIXy6/vb52bnYRh/V9egwwjOIqUdMskjq0rI064fxat0AHKB0Gk6AMB/JLz3jwqTPElIoE5oatnLo/yaNwQFsp8ZEl6TUiC/vkVGer6cqJtiS8n93gw8uxrCrmshrlZS1bV2tilIBqEnz9/gnOjRM7o+ATnIcAwXJGEARuwzaKLW+58jEfJqEELCsp9g1T97PJEeacjvwLr52YKRJFfw5IKQ2wYnRKxDNb72s5+3b6zk9BmrXx/05rytk8SPsCBs5N15ydTNVtHXmpi2p1cRYHyXmz2ATbdzi1Fr9 minecraft-server\n"
            },
            "platform_config": [],
            "preemptible_instance_config": [],
            "preserve_boot_volume": false,
            "private_ip": "10.5.1.200",
            "public_ip": "164.152.251.140",
            "region": "sa-vinhedo-1",
            "shape": "VM.Standard.A1.Flex",
            "shape_config": [
              {
                "baseline_ocpu_utilization": "",
                "gpu_description": "",
                "gpus": 0,
                "local_disk_description": "",
                "local_disks": 0,
                "local_disks_total_size_in_gbs": 0,
                "max_vnic_attachments": 2,
                "memory_in_gbs": 4,
                "networking_bandwidth_in_gbps": 1,
                "nvmes": 0,
                "ocpus": 1,
                "processor_description": "3.0 GHz Ampere® Altra™"
              }
            ],
            "source_details": [
              {
                "boot_volume_size_in_gbs": "47",
                "boot_volume_vpus_per_gb": "10",
                "kms_key_id": "",
                "source_id": "ocid1.image.oc1.sa-vinhedo-1.aaaaaaaab7as7ele2z6vt6ghoi5asnopnchqvjwjklxkz5bypu2uepyduyxa",
                "source_type": "image"
              }
            ],
            "state": "RUNNING",
            "subnet_id": "ocid1.subnet.oc1.sa-vinhedo-1.aaaaaaaauk4e3u4ji45bv6n76xity2tgvyx5plhvqqjntaizxfquhcvl5r2q",
            "system_tags": {},
            "time_created": "2023-05-30 21:08:20.143 +0000 UTC",
            "time_maintenance_reboot_due": "",
            "timeouts": null,
            "update_operation_constraint": null
          },
          "sensitive_attributes": [],
          "private": "eyJlMmJmYjczMC1lY2FhLTExZTYtOGY4OC0zNDM2M2JjN2M0YzAiOnsiY3JlYXRlIjoyNzAwMDAwMDAwMDAwLCJkZWxldGUiOjQ1MDAwMDAwMDAwMDAsInVwZGF0ZSI6MjcwMDAwMDAwMDAwMH19",
          "dependencies": [
            "module.vcn.module.drg_from_vcn_module.oci_core_drg.drg",
            "module.vcn.oci_core_internet_gateway.ig",
            "module.vcn.oci_core_route_table.ig",
            "module.vcn.oci_core_vcn.vcn",
            "oci_core_security_list.public-security-list",
            "oci_core_subnet.vcn-public-subnet"
          ]
        }
      ]
    },
    {
      "mode": "managed",
      "type": "oci_core_security_list",
      "name": "private-security-list",
      "provider": "provider[\"registry.terraform.io/hashicorp/oci\"]",
      "instances": [
        {
          "schema_version": 0,
          "attributes": {
            "compartment_id": "ocid1.compartment.oc1..aaaaaaaaeji7lmv6yrejwphcmajsuq5vabnrwpf474nctns5wu3pgsgyxukq",
            "defined_tags": {
              "Oracle-Tags.CreatedBy": "default/mv.victor1@hotmail.com",
              "Oracle-Tags.CreatedOn": "2023-05-30T21:06:28.805Z"
            },
            "display_name": "security-list-for-private-subnet",
            "egress_security_rules": [],
            "freeform_tags": {},
            "id": "ocid1.securitylist.oc1.sa-vinhedo-1.aaaaaaaar52vrr2r5g3l44j3kzkg4xzf3ojgpsmleguhzed7ewshmljgxxla",
            "ingress_security_rules": [],
            "state": "AVAILABLE",
            "time_created": "2023-05-30 21:06:28.834 +0000 UTC",
            "timeouts": null,
            "vcn_id": "ocid1.vcn.oc1.sa-vinhedo-1.amaaaaaatoavucyamlhv64wgmxkoz27dm2f2yfjgns3z5e5udpgsf64irggq"
          },
          "sensitive_attributes": [],
          "private": "eyJlMmJmYjczMC1lY2FhLTExZTYtOGY4OC0zNDM2M2JjN2M0YzAiOnsiY3JlYXRlIjoxMjAwMDAwMDAwMDAwLCJkZWxldGUiOjEyMDAwMDAwMDAwMDAsInVwZGF0ZSI6MTIwMDAwMDAwMDAwMH19",
          "dependencies": [
            "module.vcn.oci_core_vcn.vcn"
          ]
        }
      ]
    },
    {
      "mode": "managed",
      "type": "oci_core_security_list",
      "name": "public-security-list",
      "provider": "provider[\"registry.terraform.io/hashicorp/oci\"]",
      "instances": [
        {
          "schema_version": 0,
          "attributes": {
            "compartment_id": "ocid1.compartment.oc1..aaaaaaaaeji7lmv6yrejwphcmajsuq5vabnrwpf474nctns5wu3pgsgyxukq",
            "defined_tags": {
              "Oracle-Tags.CreatedBy": "default/mv.victor1@hotmail.com",
              "Oracle-Tags.CreatedOn": "2023-05-30T21:06:28.843Z"
            },
            "display_name": "security-list-for-public-subnet",
            "egress_security_rules": [
              {
                "description": "",
                "destination": "0.0.0.0/0",
                "destination_type": "CIDR_BLOCK",
                "icmp_options": [],
                "protocol": "all",
                "stateless": false,
                "tcp_options": [],
                "udp_options": []
              }
            ],
            "freeform_tags": {},
            "id": "ocid1.securitylist.oc1.sa-vinhedo-1.aaaaaaaaaqkdcs52yojamdrwrpfp4kb4ygpel4yzj4jll2jy2vhbhaplygya",
            "ingress_security_rules": [
              {
                "description": "",
                "icmp_options": [],
                "protocol": "1",
                "source": "0.0.0.0/0",
                "source_type": "CIDR_BLOCK",
                "stateless": false,
                "tcp_options": [],
                "udp_options": []
              },
              {
                "description": "",
                "icmp_options": [],
                "protocol": "6",
                "source": "0.0.0.0/0",
                "source_type": "CIDR_BLOCK",
                "stateless": false,
                "tcp_options": [
                  {
                    "max": 22,
                    "min": 22,
                    "source_port_range": []
                  }
                ],
                "udp_options": []
              },
              {
                "description": "",
                "icmp_options": [],
                "protocol": "6",
                "source": "0.0.0.0/0",
                "source_type": "CIDR_BLOCK",
                "stateless": false,
                "tcp_options": [
                  {
                    "max": 25565,
                    "min": 25565,
                    "source_port_range": []
                  }
                ],
                "udp_options": []
              },
              {
                "description": "",
                "icmp_options": [],
                "protocol": "6",
                "source": "177.39.104.26/32",
                "source_type": "CIDR_BLOCK",
                "stateless": false,
                "tcp_options": [
                  {
                    "max": 22,
                    "min": 22,
                    "source_port_range": []
                  }
                ],
                "udp_options": []
              }
            ],
            "state": "AVAILABLE",
            "time_created": "2023-05-30 21:06:28.872 +0000 UTC",
            "timeouts": null,
            "vcn_id": "ocid1.vcn.oc1.sa-vinhedo-1.amaaaaaatoavucyamlhv64wgmxkoz27dm2f2yfjgns3z5e5udpgsf64irggq"
          },
          "sensitive_attributes": [],
          "private": "eyJlMmJmYjczMC1lY2FhLTExZTYtOGY4OC0zNDM2M2JjN2M0YzAiOnsiY3JlYXRlIjoxMjAwMDAwMDAwMDAwLCJkZWxldGUiOjEyMDAwMDAwMDAwMDAsInVwZGF0ZSI6MTIwMDAwMDAwMDAwMH19",
          "dependencies": [
            "module.vcn.oci_core_vcn.vcn"
          ]
        }
      ]
    },
    {
      "mode": "managed",
      "type": "oci_core_subnet",
      "name": "vcn-private-subnet",
      "provider": "provider[\"registry.terraform.io/hashicorp/oci\"]",
      "instances": [
        {
          "schema_version": 0,
          "attributes": {
            "availability_domain": null,
            "cidr_block": "10.5.2.0/24",
            "compartment_id": "ocid1.compartment.oc1..aaaaaaaaeji7lmv6yrejwphcmajsuq5vabnrwpf474nctns5wu3pgsgyxukq",
            "defined_tags": {
              "Oracle-Tags.CreatedBy": "default/mv.victor1@hotmail.com",
              "Oracle-Tags.CreatedOn": "2023-05-30T21:08:14.955Z"
            },
            "dhcp_options_id": "ocid1.dhcpoptions.oc1.sa-vinhedo-1.aaaaaaaakdahrwc7tempcvdazr2ycawinjwdp4n5yz4vpd4qcslec6w23iwa",
            "display_name": "private-subnet",
            "dns_label": null,
            "freeform_tags": {},
            "id": "ocid1.subnet.oc1.sa-vinhedo-1.aaaaaaaa2ny5q4wue3beaynmpwqa62rxq433ge3hwa74iopmmicztk4rqi7q",
            "ipv6cidr_block": null,
            "ipv6cidr_blocks": [],
            "ipv6virtual_router_ip": null,
            "prohibit_internet_ingress": false,
            "prohibit_public_ip_on_vnic": false,
            "route_table_id": "ocid1.routetable.oc1.sa-vinhedo-1.aaaaaaaao37hdioqsi3jy6pwkj63vbba3ynpgvsskfioq2enqknp3grur42a",
            "security_list_ids": [
              "ocid1.securitylist.oc1.sa-vinhedo-1.aaaaaaaar52vrr2r5g3l44j3kzkg4xzf3ojgpsmleguhzed7ewshmljgxxla"
            ],
            "state": "AVAILABLE",
            "subnet_domain_name": null,
            "time_created": "2023-05-30 21:08:15.02 +0000 UTC",
            "timeouts": null,
            "vcn_id": "ocid1.vcn.oc1.sa-vinhedo-1.amaaaaaatoavucyamlhv64wgmxkoz27dm2f2yfjgns3z5e5udpgsf64irggq",
            "virtual_router_ip": "10.5.2.1",
            "virtual_router_mac": "00:00:17:B5:B9:4A"
          },
          "sensitive_attributes": [],
          "private": "eyJlMmJmYjczMC1lY2FhLTExZTYtOGY4OC0zNDM2M2JjN2M0YzAiOnsiY3JlYXRlIjoxMjAwMDAwMDAwMDAwLCJkZWxldGUiOjEyMDAwMDAwMDAwMDAsInVwZGF0ZSI6MTIwMDAwMDAwMDAwMH19",
          "dependencies": [
            "module.vcn.data.oci_core_services.all_oci_services",
            "module.vcn.module.drg_from_vcn_module.oci_core_drg.drg",
            "module.vcn.oci_core_nat_gateway.nat_gateway",
            "module.vcn.oci_core_route_table.nat",
            "module.vcn.oci_core_service_gateway.service_gateway",
            "module.vcn.oci_core_vcn.vcn",
            "oci_core_security_list.private-security-list"
          ]
        }
      ]
    },
    {
      "mode": "managed",
      "type": "oci_core_subnet",
      "name": "vcn-public-subnet",
      "provider": "provider[\"registry.terraform.io/hashicorp/oci\"]",
      "instances": [
        {
          "schema_version": 0,
          "attributes": {
            "availability_domain": null,
            "cidr_block": "10.5.1.0/24",
            "compartment_id": "ocid1.compartment.oc1..aaaaaaaaeji7lmv6yrejwphcmajsuq5vabnrwpf474nctns5wu3pgsgyxukq",
            "defined_tags": {
              "Oracle-Tags.CreatedBy": "default/mv.victor1@hotmail.com",
              "Oracle-Tags.CreatedOn": "2023-05-30T21:08:15.011Z"
            },
            "dhcp_options_id": "ocid1.dhcpoptions.oc1.sa-vinhedo-1.aaaaaaaakdahrwc7tempcvdazr2ycawinjwdp4n5yz4vpd4qcslec6w23iwa",
            "display_name": "public-subnet",
            "dns_label": null,
            "freeform_tags": {},
            "id": "ocid1.subnet.oc1.sa-vinhedo-1.aaaaaaaauk4e3u4ji45bv6n76xity2tgvyx5plhvqqjntaizxfquhcvl5r2q",
            "ipv6cidr_block": null,
            "ipv6cidr_blocks": [],
            "ipv6virtual_router_ip": null,
            "prohibit_internet_ingress": false,
            "prohibit_public_ip_on_vnic": false,
            "route_table_id": "ocid1.routetable.oc1.sa-vinhedo-1.aaaaaaaaiprh5nlxilfv23c4b663xq2khtut36kiaw7gswwyf7ebgjabpmfq",
            "security_list_ids": [
              "ocid1.securitylist.oc1.sa-vinhedo-1.aaaaaaaaaqkdcs52yojamdrwrpfp4kb4ygpel4yzj4jll2jy2vhbhaplygya"
            ],
            "state": "AVAILABLE",
            "subnet_domain_name": null,
            "time_created": "2023-05-30 21:08:15.396 +0000 UTC",
            "timeouts": null,
            "vcn_id": "ocid1.vcn.oc1.sa-vinhedo-1.amaaaaaatoavucyamlhv64wgmxkoz27dm2f2yfjgns3z5e5udpgsf64irggq",
            "virtual_router_ip": "10.5.1.1",
            "virtual_router_mac": "00:00:17:B5:B9:4A"
          },
          "sensitive_attributes": [],
          "private": "eyJlMmJmYjczMC1lY2FhLTExZTYtOGY4OC0zNDM2M2JjN2M0YzAiOnsiY3JlYXRlIjoxMjAwMDAwMDAwMDAwLCJkZWxldGUiOjEyMDAwMDAwMDAwMDAsInVwZGF0ZSI6MTIwMDAwMDAwMDAwMH19",
          "dependencies": [
            "module.vcn.module.drg_from_vcn_module.oci_core_drg.drg",
            "module.vcn.oci_core_internet_gateway.ig",
            "module.vcn.oci_core_route_table.ig",
            "module.vcn.oci_core_vcn.vcn",
            "oci_core_security_list.public-security-list"
          ]
        }
      ]
    },
    {
      "module": "module.vcn",
      "mode": "data",
      "type": "oci_core_services",
      "name": "all_oci_services",
      "provider": "provider[\"registry.terraform.io/hashicorp/oci\"]",
      "instances": [
        {
          "index_key": 0,
          "schema_version": 0,
          "attributes": {
            "filter": [
              {
                "name": "name",
                "regex": true,
                "values": [
                  "All .* Services In Oracle Services Network"
                ]
              }
            ],
            "id": "CoreServicesDataSource-0",
            "services": [
              {
                "cidr_block": "all-vcp-services-in-oracle-services-network",
                "description": "All VCP Services In Oracle Services Network",
                "id": "ocid1.service.oc1.sa-vinhedo-1.aaaaaaaadzl3y4qjqsqqcbrbyhdp7vprgufxtxgt6kxmjhwd2smv76dleewq",
                "name": "All VCP Services In Oracle Services Network"
              }
            ]
          },
          "sensitive_attributes": []
        }
      ]
    },
    {
      "module": "module.vcn",
      "mode": "managed",
      "type": "oci_core_default_security_list",
      "name": "lockdown",
      "provider": "provider[\"registry.terraform.io/hashicorp/oci\"]",
      "instances": [
        {
          "index_key": 0,
          "schema_version": 0,
          "attributes": {
            "compartment_id": "ocid1.compartment.oc1..aaaaaaaaeji7lmv6yrejwphcmajsuq5vabnrwpf474nctns5wu3pgsgyxukq",
            "defined_tags": {
              "Oracle-Tags.CreatedBy": "default/mv.victor1@hotmail.com",
              "Oracle-Tags.CreatedOn": "2023-05-30T21:06:27.989Z"
            },
            "display_name": "Default Security List for vcn-shopizer",
            "egress_security_rules": [],
            "freeform_tags": {
              "module": "oracle-terraform-modules/vcn/oci",
              "terraformed": "Please do not edit manually"
            },
            "id": "ocid1.securitylist.oc1.sa-vinhedo-1.aaaaaaaakunircywnl3lncxvbav2jrljotvuzhj4lvhzju2nbw3bhuo75ioq",
            "ingress_security_rules": [],
            "manage_default_resource_id": "ocid1.securitylist.oc1.sa-vinhedo-1.aaaaaaaakunircywnl3lncxvbav2jrljotvuzhj4lvhzju2nbw3bhuo75ioq",
            "state": "AVAILABLE",
            "time_created": "2023-05-30 21:06:28.107 +0000 UTC",
            "timeouts": null
          },
          "sensitive_attributes": [],
          "private": "eyJlMmJmYjczMC1lY2FhLTExZTYtOGY4OC0zNDM2M2JjN2M0YzAiOnsiY3JlYXRlIjoxMjAwMDAwMDAwMDAwLCJkZWxldGUiOjEyMDAwMDAwMDAwMDAsInVwZGF0ZSI6MTIwMDAwMDAwMDAwMH19",
          "dependencies": [
            "module.vcn.oci_core_vcn.vcn"
          ]
        }
      ]
    },
    {
      "module": "module.vcn",
      "mode": "managed",
      "type": "oci_core_internet_gateway",
      "name": "ig",
      "provider": "provider[\"registry.terraform.io/hashicorp/oci\"]",
      "instances": [
        {
          "index_key": 0,
          "schema_version": 0,
          "attributes": {
            "compartment_id": "ocid1.compartment.oc1..aaaaaaaaeji7lmv6yrejwphcmajsuq5vabnrwpf474nctns5wu3pgsgyxukq",
            "defined_tags": {
              "Oracle-Tags.CreatedBy": "default/mv.victor1@hotmail.com",
              "Oracle-Tags.CreatedOn": "2023-05-30T21:06:28.768Z"
            },
            "display_name": "internet-gateway",
            "enabled": true,
            "freeform_tags": {
              "module": "oracle-terraform-modules/vcn/oci",
              "terraformed": "Please do not edit manually"
            },
            "id": "ocid1.internetgateway.oc1.sa-vinhedo-1.aaaaaaaa5qp3wefltoffigcrpdfn6t2x2um5nfzyvio6py2g5byg476d4yhq",
            "route_table_id": null,
            "state": "AVAILABLE",
            "time_created": "2023-05-30 21:06:28.805 +0000 UTC",
            "timeouts": null,
            "vcn_id": "ocid1.vcn.oc1.sa-vinhedo-1.amaaaaaatoavucyamlhv64wgmxkoz27dm2f2yfjgns3z5e5udpgsf64irggq"
          },
          "sensitive_attributes": [],
          "private": "eyJlMmJmYjczMC1lY2FhLTExZTYtOGY4OC0zNDM2M2JjN2M0YzAiOnsiY3JlYXRlIjoxMjAwMDAwMDAwMDAwLCJkZWxldGUiOjEyMDAwMDAwMDAwMDAsInVwZGF0ZSI6MTIwMDAwMDAwMDAwMH19",
          "dependencies": [
            "module.vcn.oci_core_vcn.vcn"
          ]
        }
      ]
    },
    {
      "module": "module.vcn",
      "mode": "managed",
      "type": "oci_core_nat_gateway",
      "name": "nat_gateway",
      "provider": "provider[\"registry.terraform.io/hashicorp/oci\"]",
      "instances": [
        {
          "index_key": 0,
          "schema_version": 0,
          "attributes": {
            "block_traffic": false,
            "compartment_id": "ocid1.compartment.oc1..aaaaaaaaeji7lmv6yrejwphcmajsuq5vabnrwpf474nctns5wu3pgsgyxukq",
            "defined_tags": {
              "Oracle-Tags.CreatedBy": "default/mv.victor1@hotmail.com",
              "Oracle-Tags.CreatedOn": "2023-05-30T21:06:28.796Z"
            },
            "display_name": "nat-gateway",
            "freeform_tags": {
              "module": "oracle-terraform-modules/vcn/oci",
              "terraformed": "Please do not edit manually"
            },
            "id": "ocid1.natgateway.oc1.sa-vinhedo-1.aaaaaaaau35jz27jy4jjovtqiqhr3enozbg6ji5cuyod23bfenqt5ongrmma",
            "nat_ip": "193.123.114.62",
            "public_ip_id": "ocid1.publicip.oc1.sa-vinhedo-1.aaaaaaaaxhcrpjbx7vcousswzbyemilfmbrng62acmndzpiusb37hfs6tgnq",
            "route_table_id": null,
            "state": "AVAILABLE",
            "time_created": "2023-05-30 21:06:29.117 +0000 UTC",
            "timeouts": null,
            "vcn_id": "ocid1.vcn.oc1.sa-vinhedo-1.amaaaaaatoavucyamlhv64wgmxkoz27dm2f2yfjgns3z5e5udpgsf64irggq"
          },
          "sensitive_attributes": [],
          "private": "eyJlMmJmYjczMC1lY2FhLTExZTYtOGY4OC0zNDM2M2JjN2M0YzAiOnsiY3JlYXRlIjoxMjAwMDAwMDAwMDAwLCJkZWxldGUiOjEyMDAwMDAwMDAwMDAsInVwZGF0ZSI6MTIwMDAwMDAwMDAwMH19",
          "dependencies": [
            "module.vcn.oci_core_vcn.vcn"
          ]
        }
      ]
    },
    {
      "module": "module.vcn",
      "mode": "managed",
      "type": "oci_core_route_table",
      "name": "ig",
      "provider": "provider[\"registry.terraform.io/hashicorp/oci\"]",
      "instances": [
        {
          "index_key": 0,
          "schema_version": 0,
          "attributes": {
            "compartment_id": "ocid1.compartment.oc1..aaaaaaaaeji7lmv6yrejwphcmajsuq5vabnrwpf474nctns5wu3pgsgyxukq",
            "defined_tags": {
              "Oracle-Tags.CreatedBy": "default/mv.victor1@hotmail.com",
              "Oracle-Tags.CreatedOn": "2023-05-30T21:06:29.420Z"
            },
            "display_name": "internet-route",
            "freeform_tags": {
              "module": "oracle-terraform-modules/vcn/oci",
              "terraformed": "Please do not edit manually"
            },
            "id": "ocid1.routetable.oc1.sa-vinhedo-1.aaaaaaaaiprh5nlxilfv23c4b663xq2khtut36kiaw7gswwyf7ebgjabpmfq",
            "route_rules": [
              {
                "cidr_block": "",
                "description": "Terraformed - Auto-generated at Internet Gateway creation: Internet Gateway as default gateway",
                "destination": "0.0.0.0/0",
                "destination_type": "CIDR_BLOCK",
                "network_entity_id": "ocid1.internetgateway.oc1.sa-vinhedo-1.aaaaaaaa5qp3wefltoffigcrpdfn6t2x2um5nfzyvio6py2g5byg476d4yhq",
                "route_type": ""
              }
            ],
            "state": "AVAILABLE",
            "time_created": "2023-05-30 21:06:29.45 +0000 UTC",
            "timeouts": null,
            "vcn_id": "ocid1.vcn.oc1.sa-vinhedo-1.amaaaaaatoavucyamlhv64wgmxkoz27dm2f2yfjgns3z5e5udpgsf64irggq"
          },
          "sensitive_attributes": [],
          "private": "eyJlMmJmYjczMC1lY2FhLTExZTYtOGY4OC0zNDM2M2JjN2M0YzAiOnsiY3JlYXRlIjoxMjAwMDAwMDAwMDAwLCJkZWxldGUiOjEyMDAwMDAwMDAwMDAsInVwZGF0ZSI6MTIwMDAwMDAwMDAwMH19",
          "dependencies": [
            "module.vcn.module.drg_from_vcn_module.oci_core_drg.drg",
            "module.vcn.oci_core_internet_gateway.ig",
            "module.vcn.oci_core_vcn.vcn"
          ]
        }
      ]
    },
    {
      "module": "module.vcn",
      "mode": "managed",
      "type": "oci_core_route_table",
      "name": "nat",
      "provider": "provider[\"registry.terraform.io/hashicorp/oci\"]",
      "instances": [
        {
          "index_key": 0,
          "schema_version": 0,
          "attributes": {
            "compartment_id": "ocid1.compartment.oc1..aaaaaaaaeji7lmv6yrejwphcmajsuq5vabnrwpf474nctns5wu3pgsgyxukq",
            "defined_tags": {
              "Oracle-Tags.CreatedBy": "default/mv.victor1@hotmail.com",
              "Oracle-Tags.CreatedOn": "2023-05-30T21:06:30.678Z"
            },
            "display_name": "nat-route",
            "freeform_tags": {
              "module": "oracle-terraform-modules/vcn/oci",
              "terraformed": "Please do not edit manually"
            },
            "id": "ocid1.routetable.oc1.sa-vinhedo-1.aaaaaaaao37hdioqsi3jy6pwkj63vbba3ynpgvsskfioq2enqknp3grur42a",
            "route_rules": [
              {
                "cidr_block": "",
                "description": "Terraformed - Auto-generated at NAT Gateway creation: NAT Gateway as default gateway",
                "destination": "0.0.0.0/0",
                "destination_type": "CIDR_BLOCK",
                "network_entity_id": "ocid1.natgateway.oc1.sa-vinhedo-1.aaaaaaaau35jz27jy4jjovtqiqhr3enozbg6ji5cuyod23bfenqt5ongrmma",
                "route_type": ""
              },
              {
                "cidr_block": "",
                "description": "Terraformed - Auto-generated at Service Gateway creation: All Services in region to Service Gateway",
                "destination": "all-vcp-services-in-oracle-services-network",
                "destination_type": "SERVICE_CIDR_BLOCK",
                "network_entity_id": "ocid1.servicegateway.oc1.sa-vinhedo-1.aaaaaaaagqdv6fhzyfgmevryazuwhqxvxkwqto4gd6t53tikgiczojw6k2tq",
                "route_type": ""
              }
            ],
            "state": "AVAILABLE",
            "time_created": "2023-05-30 21:06:30.73 +0000 UTC",
            "timeouts": null,
            "vcn_id": "ocid1.vcn.oc1.sa-vinhedo-1.amaaaaaatoavucyamlhv64wgmxkoz27dm2f2yfjgns3z5e5udpgsf64irggq"
          },
          "sensitive_attributes": [],
          "private": "eyJlMmJmYjczMC1lY2FhLTExZTYtOGY4OC0zNDM2M2JjN2M0YzAiOnsiY3JlYXRlIjoxMjAwMDAwMDAwMDAwLCJkZWxldGUiOjEyMDAwMDAwMDAwMDAsInVwZGF0ZSI6MTIwMDAwMDAwMDAwMH19",
          "dependencies": [
            "module.vcn.data.oci_core_services.all_oci_services",
            "module.vcn.module.drg_from_vcn_module.oci_core_drg.drg",
            "module.vcn.oci_core_nat_gateway.nat_gateway",
            "module.vcn.oci_core_service_gateway.service_gateway",
            "module.vcn.oci_core_vcn.vcn"
          ]
        }
      ]
    },
    {
      "module": "module.vcn",
      "mode": "managed",
      "type": "oci_core_service_gateway",
      "name": "service_gateway",
      "provider": "provider[\"registry.terraform.io/hashicorp/oci\"]",
      "instances": [
        {
          "index_key": 0,
          "schema_version": 0,
          "attributes": {
            "block_traffic": false,
            "compartment_id": "ocid1.compartment.oc1..aaaaaaaaeji7lmv6yrejwphcmajsuq5vabnrwpf474nctns5wu3pgsgyxukq",
            "defined_tags": {
              "Oracle-Tags.CreatedBy": "default/mv.victor1@hotmail.com",
              "Oracle-Tags.CreatedOn": "2023-05-30T21:06:28.806Z"
            },
            "display_name": "service-gateway",
            "freeform_tags": {
              "module": "oracle-terraform-modules/vcn/oci",
              "terraformed": "Please do not edit manually"
            },
            "id": "ocid1.servicegateway.oc1.sa-vinhedo-1.aaaaaaaagqdv6fhzyfgmevryazuwhqxvxkwqto4gd6t53tikgiczojw6k2tq",
            "route_table_id": null,
            "services": [
              {
                "service_id": "ocid1.service.oc1.sa-vinhedo-1.aaaaaaaadzl3y4qjqsqqcbrbyhdp7vprgufxtxgt6kxmjhwd2smv76dleewq",
                "service_name": "All VCP Services In Oracle Services Network"
              }
            ],
            "state": "AVAILABLE",
            "time_created": "2023-05-30 21:06:29.318 +0000 UTC",
            "timeouts": null,
            "vcn_id": "ocid1.vcn.oc1.sa-vinhedo-1.amaaaaaatoavucyamlhv64wgmxkoz27dm2f2yfjgns3z5e5udpgsf64irggq"
          },
          "sensitive_attributes": [],
          "private": "eyJlMmJmYjczMC1lY2FhLTExZTYtOGY4OC0zNDM2M2JjN2M0YzAiOnsiY3JlYXRlIjoxMjAwMDAwMDAwMDAwLCJkZWxldGUiOjEyMDAwMDAwMDAwMDAsInVwZGF0ZSI6MTIwMDAwMDAwMDAwMH19",
          "dependencies": [
            "module.vcn.data.oci_core_services.all_oci_services",
            "module.vcn.oci_core_vcn.vcn"
          ]
        }
      ]
    },
    {
      "module": "module.vcn",
      "mode": "managed",
      "type": "oci_core_vcn",
      "name": "vcn",
      "provider": "provider[\"registry.terraform.io/hashicorp/oci\"]",
      "instances": [
        {
          "schema_version": 0,
          "attributes": {
            "byoipv6cidr_blocks": [],
            "byoipv6cidr_details": [],
            "cidr_block": "10.5.0.0/16",
            "cidr_blocks": [
              "10.5.0.0/16"
            ],
            "compartment_id": "ocid1.compartment.oc1..aaaaaaaaeji7lmv6yrejwphcmajsuq5vabnrwpf474nctns5wu3pgsgyxukq",
            "default_dhcp_options_id": "ocid1.dhcpoptions.oc1.sa-vinhedo-1.aaaaaaaakdahrwc7tempcvdazr2ycawinjwdp4n5yz4vpd4qcslec6w23iwa",
            "default_route_table_id": "ocid1.routetable.oc1.sa-vinhedo-1.aaaaaaaafp6gsjlfs5vmenp2hf5etgivbpfomnchfbhwm33elwepj4o5a3ka",
            "default_security_list_id": "ocid1.securitylist.oc1.sa-vinhedo-1.aaaaaaaakunircywnl3lncxvbav2jrljotvuzhj4lvhzju2nbw3bhuo75ioq",
            "defined_tags": {
              "Oracle-Tags.CreatedBy": "default/mv.victor1@hotmail.com",
              "Oracle-Tags.CreatedOn": "2023-05-30T21:06:27.989Z"
            },
            "display_name": "vcn-shopizer",
            "dns_label": "vcnshopizer",
            "freeform_tags": {
              "module": "oracle-terraform-modules/vcn/oci",
              "terraformed": "Please do not edit manually"
            },
            "id": "ocid1.vcn.oc1.sa-vinhedo-1.amaaaaaatoavucyamlhv64wgmxkoz27dm2f2yfjgns3z5e5udpgsf64irggq",
            "ipv6cidr_blocks": [],
            "ipv6private_cidr_blocks": [],
            "is_ipv6enabled": false,
            "is_oracle_gua_allocation_enabled": null,
            "state": "AVAILABLE",
            "time_created": "2023-05-30 21:06:28.107 +0000 UTC",
            "timeouts": null,
            "vcn_domain_name": "vcnshopizer.oraclevcn.com"
          },
          "sensitive_attributes": [],
          "private": "eyJlMmJmYjczMC1lY2FhLTExZTYtOGY4OC0zNDM2M2JjN2M0YzAiOnsiY3JlYXRlIjoxMjAwMDAwMDAwMDAwLCJkZWxldGUiOjEyMDAwMDAwMDAwMDAsInVwZGF0ZSI6MTIwMDAwMDAwMDAwMH19"
        }
      ]
    }
  ],
  "check_results": null
}
